
Microsoft Visual Studio Solution File, Format Version 12.00
# Visual Studio Version 17
VisualStudioVersion = 17.1.32210.238
MinimumVisualStudioVersion = 10.0.40219.1
Project("{FAE04EC0-301F-11D3-BF4B-00C04F79EFBC}") = "BibliotekConsole", "BibliotekConsole\BibliotekConsole.csproj", "{ECC45279-7899-49A3-BA5C-5FDD946EFB7B}"
EndProject
Global
	GlobalSection(SolutionConfigurationPlatforms) = preSolution
		Debug|Any CPU = Debug|Any CPU
		Release|Any CPU = Release|Any CPU
	EndGlobalSection
	GlobalSection(ProjectConfigurationPlatforms) = postSolution
		{ECC45279-7899-49A3-BA5C-5FDD946EFB7B}.Debug|Any CPU.ActiveCfg = Debug|Any CPU
		{ECC45279-7899-49A3-BA5C-5FDD946EFB7B}.Debug|Any CPU.Build.0 = Debug|Any CPU
		{ECC45279-7899-49A3-BA5C-5FDD946EFB7B}.Release|Any CPU.ActiveCfg = Release|Any CPU
		{ECC45279-7899-49A3-BA5C-5FDD946EFB7B}.Release|Any CPU.Build.0 = Release|Any CPU
	EndGlobalSection
	GlobalSection(SolutionProperties) = preSolution
		HideSolutionNode = FALSE
	EndGlobalSection
	GlobalSection(ExtensibilityGlobals) = postSolution
		SolutionGuid = {5BEA3650-6F1A-46FF-9A6F-B3BA8F053F06}
	EndGlobalSection
EndGlobal
